# THIS IS AN AUTOGENERATED FILE. DO NOT EDIT THIS FILE DIRECTLY.
# yarn lockfile v1


babel-helper-vue-jsx-merge-props@^2.0.3:
  version "2.0.3"
  resolved "https://registry.yarnpkg.com/babel-helper-vue-jsx-merge-props/-/babel-helper-vue-jsx-merge-props-2.0.3.tgz#22aebd3b33902328e513293a8e4992b384f9f1b6"
  integrity sha512-gsLiKK7Qrb7zYJNgiXKpXblxbV5ffSwR0f5whkPAaBAR4fhi6bwRZxX9wBlIc5M/v8CCkXUbXZL4N/nSE97cqg==

medium-zoom@^1.0.4:
  version "1.0.4"
  resolved "https://registry.yarnpkg.com/medium-zoom/-/medium-zoom-1.0.4.tgz#b1063093f81151a19989489589edf28e6090630c"
  integrity sha512-BjE+00gQku3XQfgHDcqyYwQaBtFddzh6Lnj1RZOliqJ9HS0mh/P2IaqVJ25/j9EbnjAUf27mLeLZBRxnd00bfA==

prismjs@^1.17.1:
  version "1.27.0"
  resolved "https://registry.yarnpkg.com/prismjs/-/prismjs-1.27.0.tgz#bb6ee3138a0b438a3653dd4d6ce0cc6510a45057"
  integrity sha512-t13BGPUlFDR7wRB5kQDG4jjl7XeuH6jbJGt11JHPL96qwsEHNX2+68tFXqc1/k+/jALsbSWJKUOT/hcYAZ5LkA==

saika@^0.3.0:
  version "0.3.0"
  resolved "https://registry.yarnpkg.com/saika/-/saika-0.3.0.tgz#e2ef2f6834a01f6eb760dbd403d44fa0a1f94725"
  integrity sha512-xuCDNAdOxq4+PCbPbeyRK58Png8r6QWKvBu1hXcNHSjZjpELLrrUpz1uMslcDkPNSrmIKvaTQKp5Il6W5LpBvA==
  dependencies:
    medium-zoom "^1.0.4"
    prismjs "^1.17.1"
    vue "^2.6.10"
    vue-content-loader "^0.2.2"
    vue-router "^3.0.7"
    vuex "^3.1.1"

vue-content-loader@^0.2.2:
  version "0.2.2"
  resolved "https://registry.yarnpkg.com/vue-content-loader/-/vue-content-loader-0.2.2.tgz#c093b656edac3f2a2e3215eaa198ba1852ad6b7b"
  integrity sha512-8jcb0dJFiVAz7EPwpQjOd/GnswUiSDeKihEABkq/iAYxAI2MHSS7+VWlRblQDH3D1rm3Lewt7fDJoOpJKbYHjw==
  dependencies:
    babel-helper-vue-jsx-merge-props "^2.0.3"

vue-router@^3.0.7:
  version "3.0.7"
  resolved "https://registry.yarnpkg.com/vue-router/-/vue-router-3.0.7.tgz#b36ca107b4acb8ff5bc4ff824584059c23fcb87b"
  integrity sha512-utJ+QR3YlIC/6x6xq17UMXeAfxEvXA0VKD3PiSio7hBOZNusA1jXcbxZxVEfJunLp48oonjTepY8ORoIlRx/EQ==

vue@^2.6.10:
  version "2.6.10"
  resolved "https://registry.yarnpkg.com/vue/-/vue-2.6.10.tgz#a72b1a42a4d82a721ea438d1b6bf55e66195c637"
  integrity sha512-ImThpeNU9HbdZL3utgMCq0oiMzAkt1mcgy3/E6zWC/G6AaQoeuFdsl9nDhTDU3X1R6FK7nsIUuRACVcjI+A2GQ==

vuex@^3.1.1:
  version "3.1.1"
  resolved "https://registry.yarnpkg.com/vuex/-/vuex-3.1.1.tgz#0c264bfe30cdbccf96ab9db3177d211828a5910e"
  integrity sha512-ER5moSbLZuNSMBFnEBVGhQ1uCBNJslH9W/Dw2W7GZN23UQA69uapP5GTT9Vm8Trc0PzBSVt6LzF3hGjmv41xcg==
